
Microsoft Visual Studio Solution File, Format Version 12.00
# Visual Studio 2013
VisualStudioVersion = 12.0.0.0
Project("{FAE04EC0-301F-11D3-BF4B-00C04F79EFBC}") = "ParserTest", "ParserTest\ParserTest\ParserTest.csproj", "{44E9439B-8A39-4C8C-AE42-06CA6DC5AE57}"
EndProject
Project("{FAE04EC0-301F-11D3-BF4B-00C04F79EFBC}") = "Ruikowa", "Ruikowa\Ruikowa\Ruikowa.csproj", "{5CBE9C64-36CB-4218-BAAC-72B70C360F58}"
EndProject
Global
	GlobalSection(ProjectConfigurationPlatforms) = postSolution
	EndGlobalSection
EndGlobal
